// !$*UTF8*$!
{
	archiveVersion = 1;
	classes = {
	};
	objectVersion = 46;
	objects = {

/* Begin PBXBuildFile section */
		1DEEF3DD1E51839C003713F2 /* AppDelegate.swift in Sources */ = {isa = PBXBuildFile; fileRef = 1DEEF3DC1E51839C003713F2 /* AppDelegate.swift */; };
		1DEEF3DF1E51839C003713F2 /* ViewController.swift in Sources */ = {isa = PBXBuildFile; fileRef = 1DEEF3DE1E51839C003713F2 /* ViewController.swift */; };
		1DEEF3E21E51839C003713F2 /* Main.storyboard in Resources */ = {isa = PBXBuildFile; fileRef = 1DEEF3E01E51839C003713F2 /* Main.storyboard */; };
		1DEEF3E51E51839C003713F2 /* MapCoreData.xcdatamodeld in Sources */ = {isa = PBXBuildFile; fileRef = 1DEEF3E31E51839C003713F2 /* MapCoreData.xcdatamodeld */; };
		1DEEF3E71E51839C003713F2 /* Assets.xcassets in Resources */ = {isa = PBXBuildFile; fileRef = 1DEEF3E61E51839C003713F2 /* Assets.xcassets */; };
		1DEEF3EA1E51839C003713F2 /* LaunchScreen.storyboard in Resources */ = {isa = PBXBuildFile; fileRef = 1DEEF3E81E51839C003713F2 /* LaunchScreen.storyboard */; };
		1DEEF3F51E51839C003713F2 /* MapCoreDataTests.swift in Sources */ = {isa = PBXBuildFile; fileRef = 1DEEF3F41E51839C003713F2 /* MapCoreDataTests.swift */; };
		1DEEF4001E51839C003713F2 /* MapCoreDataUITests.swift in Sources */ = {isa = PBXBuildFile; fileRef = 1DEEF3FF1E51839C003713F2 /* MapCoreDataUITests.swift */; };
/* End PBXBuildFile section */

/* Begin PBXContainerItemProxy section */
		1DEEF3F11E51839C003713F2 /* PBXContainerItemProxy */ = {
			isa = PBXContainerItemProxy;
			containerPortal = 1DEEF3D11E51839C003713F2 /* Project object */;
			proxyType = 1;
			remoteGlobalIDString = 1DEEF3D81E51839C003713F2;
			remoteInfo = MapCoreData;
		};
		1DEEF3FC1E51839C003713F2 /* PBXContainerItemProxy */ = {
			isa = PBXContainerItemProxy;
			containerPortal = 1DEEF3D11E51839C003713F2 /* Project object */;
			proxyType = 1;
			remoteGlobalIDString = 1DEEF3D81E51839C003713F2;
			remoteInfo = MapCoreData;
		};
/* End PBXContainerItemProxy section */

/* Begin PBXFileReference section */
		1DEEF3D91E51839C003713F2 /* MapCoreData.app */ = {isa = PBXFileReference; explicitFileType = wrapper.application; includeInIndex = 0; path = MapCoreData.app; sourceTree = BUILT_PRODUCTS_DIR; };
		1DEEF3DC1E51839C003713F2 /* AppDelegate.swift */ = {isa = PBXFileReference; lastKnownFileType = sourcecode.swift; path = AppDelegate.swift; sourceTree = "<group>"; };
		1DEEF3DE1E51839C003713F2 /* ViewController.swift */ = {isa = PBXFileReference; lastKnownFileType = sourcecode.swift; path = ViewController.swift; sourceTree = "<group>"; };
		1DEEF3E11E51839C003713F2 /* Base */ = {isa = PBXFileReference; lastKnownFileType = file.storyboard; name = Base; path = Base.lproj/Main.storyboard; sourceTree = "<group>"; };
		1DEEF3E41E51839C003713F2 /* MapCoreData.xcdatamodel */ = {isa = PBXFileReference; lastKnownFileType = wrapper.xcdatamodel; path = MapCoreData.xcdatamodel; sourceTree = "<group>"; };
		1DEEF3E61E51839C003713F2 /* Assets.xcassets */ = {isa = PBXFileReference; lastKnownFileType = folder.assetcatalog; path = Assets.xcassets; sourceTree = "<group>"; };
		1DEEF3E91E51839C003713F2 /* Base */ = {isa = PBXFileReference; lastKnownFileType = file.storyboard; name = Base; path = Base.lproj/LaunchScreen.storyboard; sourceTree = "<group>"; };
		1DEEF3EB1E51839C003713F2 /* Info.plist */ = {isa = PBXFileReference; lastKnownFileType = text.plist.xml; path = Info.plist; sourceTree = "<group>"; };
		1DEEF3F01E51839C003713F2 /* MapCoreDataTests.xctest */ = {isa = PBXFileReference; explicitFileType = wrapper.cfbundle; includeInIndex = 0; path = MapCoreDataTests.xctest; sourceTree = BUILT_PRODUCTS_DIR; };
		1DEEF3F41E51839C003713F2 /* MapCoreDataTests.swift */ = {isa = PBXFileReference; lastKnownFileType = sourcecode.swift; path = MapCoreDataTests.swift; sourceTree = "<group>"; };
		1DEEF3F61E51839C003713F2 /* Info.plist */ = {isa = PBXFileReference; lastKnownFileType = text.plist.xml; path = Info.plist; sourceTree = "<group>"; };
		1DEEF3FB1E51839C003713F2 /* MapCoreDataUITests.xctest */ = {isa = PBXFileReference; explicitFileType = wrapper.cfbundle; includeInIndex = 0; path = MapCoreDataUITests.xctest; sourceTree = BUILT_PRODUCTS_DIR; };
		1DEEF3FF1E51839C003713F2 /* MapCoreDataUITests.swift */ = {isa = PBXFileReference; lastKnownFileType = sourcecode.swift; path = MapCoreDataUITests.swift; sourceTree = "<group>"; };
		1DEEF4011E51839C003713F2 /* Info.plist */ = {isa = PBXFileReference; lastKnownFileType = text.plist.xml; path = Info.plist; sourceTree = "<group>"; };
/* End PBXFileReference section */

/* Begin PBXFrameworksBuildPhase section */
		1DEEF3D61E51839C003713F2 /* Frameworks */ = {
			isa = PBXFrameworksBuildPhase;
			buildActionMask = 2147483647;
			files = (
			);
			runOnlyForDeploymentPostprocessing = 0;
		};
		1DEEF3ED1E51839C003713F2 /* Frameworks */ = {
			isa = PBXFrameworksBuildPhase;
			buildActionMask = 2147483647;
			files = (
			);
			runOnlyForDeploymentPostprocessing = 0;
		};
		1DEEF3F81E51839C003713F2 /* Frameworks */ = {
			isa = PBXFrameworksBuildPhase;
			buildActionMask = 2147483647;
			files = (
			);
			runOnlyForDeploymentPostprocessing = 0;
		};
/* End PBXFrameworksBuildPhase section */

/* Begin PBXGroup section */
		1DEEF3D01E51839C003713F2 = {
			isa = PBXGroup;
			children = (
				1DEEF3DB1E51839C003713F2 /* MapCoreData */,
				1DEEF3F31E51839C003713F2 /* MapCoreDataTests */,
				1DEEF3FE1E51839C003713F2 /* MapCoreDataUITests */,
				1DEEF3DA1E51839C003713F2 /* Products */,
			);
			sourceTree = "<group>";
		};
		1DEEF3DA1E51839C003713F2 /* Products */ = {
			isa = PBXGroup;
			children = (
				1DEEF3D91E51839C003713F2 /* MapCoreData.app */,
				1DEEF3F01E51839C003713F2 /* MapCoreDataTests.xctest */,
				1DEEF3FB1E51839C003713F2 /* MapCoreDataUITests.xctest */,
			);
			name = Products;
			sourceTree = "<group>";
		};
		1DEEF3DB1E51839C003713F2 /* MapCoreData */ = {
			isa = PBXGroup;
			children = (
				1DEEF3DC1E51839C003713F2 /* AppDelegate.swift */,
				1DEEF3DE1E51839C003713F2 /* ViewController.swift */,
				1DEEF3E01E51839C003713F2 /* Main.storyboard */,
				1DEEF3E61E51839C003713F2 /* Assets.xcassets */,
				1DEEF3E81E51839C003713F2 /* LaunchScreen.storyboard */,
				1DEEF3EB1E51839C003713F2 /* Info.plist */,
				1DEEF3E31E51839C003713F2 /* MapCoreData.xcdatamodeld */,
			);
			path = MapCoreData;
			sourceTree = "<group>";
		};
		1DEEF3F31E51839C003713F2 /* MapCoreDataTests */ = {
			isa = PBXGroup;
			children = (
				1DEEF3F41E51839C003713F2 /* MapCoreDataTests.swift */,
				1DEEF3F61E51839C003713F2 /* Info.plist */,
			);
			path = MapCoreDataTests;
			sourceTree = "<group>";
		};
		1DEEF3FE1E51839C003713F2 /* MapCoreDataUITests */ = {
			isa = PBXGroup;
			children = (
				1DEEF3FF1E51839C003713F2 /* MapCoreDataUITests.swift */,
				1DEEF4011E51839C003713F2 /* Info.plist */,
			);
			path = MapCoreDataUITests;
			sourceTree = "<group>";
		};
/* End PBXGroup section */

/* Begin PBXNativeTarget section */
		1DEEF3D81E51839C003713F2 /* MapCoreData */ = {
			isa = PBXNativeTarget;
			buildConfigurationList = 1DEEF4041E51839C003713F2 /* Build configuration list for PBXNativeTarget "MapCoreData" */;
			buildPhases = (
				1DEEF3D51E51839C003713F2 /* Sources */,
				1DEEF3D61E51839C003713F2 /* Frameworks */,
				1DEEF3D71E51839C003713F2 /* Resources */,
			);
			buildRules = (
			);
			dependencies = (
			);
			name = MapCoreData;
			productName = MapCoreData;
			productReference = 1DEEF3D91E51839C003713F2 /* MapCoreData.app */;
			productType = "com.apple.product-type.application";
		};
		1DEEF3EF1E51839C003713F2 /* MapCoreDataTests */ = {
			isa = PBXNativeTarget;
			buildConfigurationList = 1DEEF4071E51839C003713F2 /* Build configuration list for PBXNativeTarget "MapCoreDataTests" */;
			buildPhases = (
				1DEEF3EC1E51839C003713F2 /* Sources */,
				1DEEF3ED1E51839C003713F2 /* Frameworks */,
				1DEEF3EE1E51839C003713F2 /* Resources */,
			);
			buildRules = (
			);
			dependencies = (
				1DEEF3F21E51839C003713F2 /* PBXTargetDependency */,
			);
			name = MapCoreDataTests;
			productName = MapCoreDataTests;
			productReference = 1DEEF3F01E51839C003713F2 /* MapCoreDataTests.xctest */;
			productType = "com.apple.product-type.bundle.unit-test";
		};
		1DEEF3FA1E51839C003713F2 /* MapCoreDataUITests */ = {
			isa = PBXNativeTarget;
			buildConfigurationList = 1DEEF40A1E51839C003713F2 /* Build configuration list for PBXNativeTarget "MapCoreDataUITests" */;
			buildPhases = (
				1DEEF3F71E51839C003713F2 /* Sources */,
				1DEEF3F81E51839C003713F2 /* Frameworks */,
				1DEEF3F91E51839C003713F2 /* Resources */,
			);
			buildRules = (
			);
			dependencies = (
				1DEEF3FD1E51839C003713F2 /* PBXTargetDependency */,
			);
			name = MapCoreDataUITests;
			productName = MapCoreDataUITests;
			productReference = 1DEEF3FB1E51839C003713F2 /* MapCoreDataUITests.xctest */;
			productType = "com.apple.product-type.bundle.ui-testing";
		};
/* End PBXNativeTarget section */

/* Begin PBXProject section */
		1DEEF3D11E51839C003713F2 /* Project object */ = {
			isa = PBXProject;
			attributes = {
				LastSwiftUpdateCheck = 0820;
				LastUpgradeCheck = 0820;
				ORGANIZATIONNAME = codebrew;
				TargetAttributes = {
					1DEEF3D81E51839C003713F2 = {
						CreatedOnToolsVersion = 8.2.1;
						ProvisioningStyle = Automatic;
					};
					1DEEF3EF1E51839C003713F2 = {
						CreatedOnToolsVersion = 8.2.1;
						ProvisioningStyle = Automatic;
						TestTargetID = 1DEEF3D81E51839C003713F2;
					};
					1DEEF3FA1E51839C003713F2 = {
						CreatedOnToolsVersion = 8.2.1;
						ProvisioningStyle = Automatic;
						TestTargetID = 1DEEF3D81E51839C003713F2;
					};
				};
			};
			buildConfigurationList = 1DEEF3D41E51839C003713F2 /* Build configuration list for PBXProject "MapCoreData" */;
			compatibilityVersion = "Xcode 3.2";
			developmentRegion = English;
			hasScannedForEncodings = 0;
			knownRegions = (
				en,
				Base,
			);
			mainGroup = 1DEEF3D01E51839C003713F2;
			productRefGroup = 1DEEF3DA1E51839C003713F2 /* Products */;
			projectDirPath = "";
			projectRoot = "";
			targets = (
				1DEEF3D81E51839C003713F2 /* MapCoreData */,
				1DEEF3EF1E51839C003713F2 /* MapCoreDataTests */,
				1DEEF3FA1E51839C003713F2 /* MapCoreDataUITests */,
			);
		};
/* End PBXProject section */

/* Begin PBXResourcesBuildPhase section */
		1DEEF3D71E51839C003713F2 /* Resources */ = {
			isa = PBXResourcesBuildPhase;
			buildActionMask = 2147483647;
			files = (
				1DEEF3EA1E51839C003713F2 /* LaunchScreen.storyboard in Resources */,
				1DEEF3E71E51839C003713F2 /* Assets.xcassets in Resources */,
				1DEEF3E21E51839C003713F2 /* Main.storyboard in Resources */,
			);
			runOnlyForDeploymentPostprocessing = 0;
		};
		1DEEF3EE1E51839C003713F2 /* Resources */ = {
			isa = PBXResourcesBuildPhase;
			buildActionMask = 2147483647;
			files = (
			);
			runOnlyForDeploymentPostprocessing = 0;
		};
		1DEEF3F91E51839C003713F2 /* Resources */ = {
			isa = PBXResourcesBuildPhase;
			buildActionMask = 2147483647;
			files = (
			);
			runOnlyForDeploymentPostprocessing = 0;
		};
/* End PBXResourcesBuildPhase section */

/* Begin PBXSourcesBuildPhase section */
		1DEEF3D51E51839C003713F2 /* Sources */ = {
			isa = PBXSourcesBuildPhase;
			buildActionMask = 2147483647;
			files = (
				1DEEF3DF1E51839C003713F2 /* ViewController.swift in Sources */,
				1DEEF3E51E51839C003713F2 /* MapCoreData.xcdatamodeld in Sources */,
				1DEEF3DD1E51839C003713F2 /* AppDelegate.swift in Sources */,
			);
			runOnlyForDeploymentPostprocessing = 0;
		};
		1DEEF3EC1E51839C003713F2 /* Sources */ = {
			isa = PBXSourcesBuildPhase;
			buildActionMask = 2147483647;
			files = (
				1DEEF3F51E51839C003713F2 /* MapCoreDataTests.swift in Sources */,
			);
			runOnlyForDeploymentPostprocessing = 0;
		};
		1DEEF3F71E51839C003713F2 /* Sources */ = {
			isa = PBXSourcesBuildPhase;
			buildActionMask = 2147483647;
			files = (
				1DEEF4001E51839C003713F2 /* MapCoreDataUITests.swift in Sources */,
			);
			runOnlyForDeploymentPostprocessing = 0;
		};
/* End PBXSourcesBuildPhase section */

/* Begin PBXTargetDependency section */
		1DEEF3F21E51839C003713F2 /* PBXTargetDependency */ = {
			isa = PBXTargetDependency;
			target = 1DEEF3D81E51839C003713F2 /* MapCoreData */;
			targetProxy = 1DEEF3F11E51839C003713F2 /* PBXContainerItemProxy */;
		};
		1DEEF3FD1E51839C003713F2 /* PBXTargetDependency */ = {
			isa = PBXTargetDependency;
			target = 1DEEF3D81E51839C003713F2 /* MapCoreData */;
			targetProxy = 1DEEF3FC1E51839C003713F2 /* PBXContainerItemProxy */;
		};
/* End PBXTargetDependency section */

/* Begin PBXVariantGroup section */
		1DEEF3E01E51839C003713F2 /* Main.storyboard */ = {
			isa = PBXVariantGroup;
			children = (
				1DEEF3E11E51839C003713F2 /* Base */,
			);
			name = Main.storyboard;
			sourceTree = "<group>";
		};
		1DEEF3E81E51839C003713F2 /* LaunchScreen.storyboard */ = {
			isa = PBXVariantGroup;
			children = (
				1DEEF3E91E51839C003713F2 /* Base */,
			);
			name = LaunchScreen.storyboard;
			sourceTree = "<group>";
		};
/* End PBXVariantGroup section */

/* Begin XCBuildConfiguration section */
		1DEEF4021E51839C003713F2 /* Debug */ = {
			isa = XCBuildConfiguration;
			buildSettings = {
				ALWAYS_SEARCH_USER_PATHS = NO;
				CLANG_ANALYZER_NONNULL = YES;
				CLANG_CXX_LANGUAGE_STANDARD = "gnu++0x";
				CLANG_CXX_LIBRARY = "libc++";
				CLANG_ENABLE_MODULES = YES;
				CLANG_ENABLE_OBJC_ARC = YES;
				CLANG_WARN_BOOL_CONVERSION = YES;
				CLANG_WARN_CONSTANT_CONVERSION = YES;
				CLANG_WARN_DIRECT_OBJC_ISA_USAGE = YES_ERROR;
				CLANG_WARN_DOCUMENTATION_COMMENTS = YES;
				CLANG_WARN_EMPTY_BODY = YES;
				CLANG_WARN_ENUM_CONVERSION = YES;
				CLANG_WARN_INFINITE_RECURSION = YES;
				CLANG_WARN_INT_CONVERSION = YES;
				CLANG_WARN_OBJC_ROOT_CLASS = YES_ERROR;
				CLANG_WARN_SUSPICIOUS_MOVE = YES;
				CLANG_WARN_UNREACHABLE_CODE = YES;
				CLANG_WARN__DUPLICATE_METHOD_MATCH = YES;
				"CODE_SIGN_IDENTITY[sdk=iphoneos*]" = "iPhone Developer";
				COPY_PHASE_STRIP = NO;
				DEBUG_INFORMATION_FORMAT = dwarf;
				ENABLE_STRICT_OBJC_MSGSEND = YES;
				ENABLE_TESTABILITY = YES;
				GCC_C_LANGUAGE_STANDARD = gnu99;
				GCC_DYNAMIC_NO_PIC = NO;
				GCC_NO_COMMON_BLOCKS = YES;
				GCC_OPTIMIZATION_LEVEL = 0;
				GCC_PREPROCESSOR_DEFINITIONS = (
					"DEBUG=1",
					"$(inherited)",
				);
				GCC_WARN_64_TO_32_BIT_CONVERSION = YES;
				GCC_WARN_ABOUT_RETURN_TYPE = YES_ERROR;
				GCC_WARN_UNDECLARED_SELECTOR = YES;
				GCC_WARN_UNINITIALIZED_AUTOS = YES_AGGRESSIVE;
				GCC_WARN_UNUSED_FUNCTION = YES;
				GCC_WARN_UNUSED_VARIABLE = YES;
				IPHONEOS_DEPLOYMENT_TARGET = 10.2;
				MTL_ENABLE_DEBUG_INFO = YES;
				ONLY_ACTIVE_ARCH = YES;
				SDKROOT = iphoneos;
				SWIFT_ACTIVE_COMPILATION_CONDITIONS = DEBUG;
				SWIFT_OPTIMIZATION_LEVEL = "-Onone";
				TARGETED_DEVICE_FAMILY = "1,2";
			};
			name = Debug;
		};
		1DEEF4031E51839C003713F2 /* Release */ = {
			isa = XCBuildConfiguration;
			buildSettings = {
				ALWAYS_SEARCH_USER_PATHS = NO;
				CLANG_ANALYZER_NONNULL = YES;
				CLANG_CXX_LANGUAGE_STANDARD = "gnu++0x";
				CLANG_CXX_LIBRARY = "libc++";
				CLANG_ENABLE_MODULES = YES;
				CLANG_ENABLE_OBJC_ARC = YES;
				CLANG_WARN_BOOL_CONVERSION = YES;
				CLANG_WARN_CONSTANT_CONVERSION = YES;
				CLANG_WARN_DIRECT_OBJC_ISA_USAGE = YES_ERROR;
				CLANG_WARN_DOCUMENTATION_COMMENTS = YES;
				CLANG_WARN_EMPTY_BODY = YES;
				CLANG_WARN_ENUM_CONVERSION = YES;
				CLANG_WARN_INFINITE_RECURSION = YES;
				CLANG_WARN_INT_CONVERSION = YES;
				CLANG_WARN_OBJC_ROOT_CLASS = YES_ERROR;
				CLANG_WARN_SUSPICIOUS_MOVE = YES;
				CLANG_WARN_UNREACHABLE_CODE = YES;
				CLANG_WARN__DUPLICATE_METHOD_MATCH = YES;
				"CODE_SIGN_IDENTITY[sdk=iphoneos*]" = "iPhone Developer";
				COPY_PHASE_STRIP = NO;
				DEBUG_INFORMATION_FORMAT = "dwarf-with-dsym";
				ENABLE_NS_ASSERTIONS = NO;
				ENABLE_STRICT_OBJC_MSGSEND = YES;
				GCC_C_LANGUAGE_STANDARD = gnu99;
				GCC_NO_COMMON_BLOCKS = YES;
				GCC_WARN_64_TO_32_BIT_CONVERSION = YES;
				GCC_WARN_ABOUT_RETURN_TYPE = YES_ERROR;
				GCC_WARN_UNDECLARED_SELECTOR = YES;
				GCC_WARN_UNINITIALIZED_AUTOS = YES_AGGRESSIVE;
				GCC_WARN_UNUSED_FUNCTION = YES;
				GCC_WARN_UNUSED_VARIABLE = YES;
				IPHONEOS_DEPLOYMENT_TARGET = 10.2;
				MTL_ENABLE_DEBUG_INFO = NO;
				SDKROOT = iphoneos;
				SWIFT_OPTIMIZATION_LEVEL = "-Owholemodule";
				TARGETED_DEVICE_FAMILY = "1,2";
				VALIDATE_PRODUCT = YES;
			};
			name = Release;
		};
		1DEEF4051E51839C003713F2 /* Debug */ = {
			isa = XCBuildConfiguration;
			buildSettings = {
				ASSETCATALOG_COMPILER_APPICON_NAME = AppIcon;
				INFOPLIST_FILE = MapCoreData/Info.plist;
				LD_RUNPATH_SEARCH_PATHS = "$(inherited) @executable_path/Frameworks";
				PRODUCT_BUNDLE_IDENTIFIER = "com.code-brew.MapCoreData";
				PRODUCT_NAME = "$(TARGET_NAME)";
				SWIFT_VERSION = 3.0;
			};
			name = Debug;
		};
		1DEEF4061E51839C003713F2 /* Release */ = {
			isa = XCBuildConfiguration;
			buildSettings = {
				ASSETCATALOG_COMPILER_APPICON_NAME = AppIcon;
				INFOPLIST_FILE = MapCoreData/Info.plist;
				LD_RUNPATH_SEARCH_PATHS = "$(inherited) @executable_path/Frameworks";
				PRODUCT_BUNDLE_IDENTIFIER = "com.code-brew.MapCoreData";
				PRODUCT_NAME = "$(TARGET_NAME)";
				SWIFT_VERSION = 3.0;
			};
			name = Release;
		};
		1DEEF4081E51839C003713F2 /* Debug */ = {
			isa = XCBuildConfiguration;
			buildSettings = {
				ALWAYS_EMBED_SWIFT_STANDARD_LIBRARIES = YES;
				BUNDLE_LOADER = "$(TEST_HOST)";
				INFOPLIST_FILE = MapCoreDataTests/Info.plist;
				LD_RUNPATH_SEARCH_PATHS = "$(inherited) @executable_path/Frameworks @loader_path/Frameworks";
				PRODUCT_BUNDLE_IDENTIFIER = "com.code-brew.MapCoreDataTests";
				PRODUCT_NAME = "$(TARGET_NAME)";
				SWIFT_VERSION = 3.0;
				TEST_HOST = "$(BUILT_PRODUCTS_DIR)/MapCoreData.app/MapCoreData";
			};
			name = Debug;
		};
		1DEEF4091E51839C003713F2 /* Release */ = {
			isa = XCBuildConfiguration;
			buildSettings = {
				ALWAYS_EMBED_SWIFT_STANDARD_LIBRARIES = YES;
				BUNDLE_LOADER = "$(TEST_HOST)";
				INFOPLIST_FILE = MapCoreDataTests/Info.plist;
				LD_RUNPATH_SEARCH_PATHS = "$(inherited) @executable_path/Frameworks @loader_path/Frameworks";
				PRODUCT_BUNDLE_IDENTIFIER = "com.code-brew.MapCoreDataTests";
				PRODUCT_NAME = "$(TARGET_NAME)";
				SWIFT_VERSION = 3.0;
				TEST_HOST = "$(BUILT_PRODUCTS_DIR)/MapCoreData.app/MapCoreData";
			};
			name = Release;
		};
		1DEEF40B1E51839C003713F2 /* Debug */ = {
			isa = XCBuildConfiguration;
			buildSettings = {
				ALWAYS_EMBED_SWIFT_STANDARD_LIBRARIES = YES;
				INFOPLIST_FILE = MapCoreDataUITests/Info.plist;
				LD_RUNPATH_SEARCH_PATHS = "$(inherited) @executable_path/Frameworks @loader_path/Frameworks";
				PRODUCT_BUNDLE_IDENTIFIER = "com.code-brew.MapCoreDataUITests";
				PRODUCT_NAME = "$(TARGET_NAME)";
				SWIFT_VERSION = 3.0;
				TEST_TARGET_NAME = MapCoreData;
			};
			name = Debug;
		};
		1DEEF40C1E51839C003713F2 /* Release */ = {
			isa = XCBuildConfiguration;
			buildSettings = {
				ALWAYS_EMBED_SWIFT_STANDARD_LIBRARIES = YES;
				INFOPLIST_FILE = MapCoreDataUITests/Info.plist;
				LD_RUNPATH_SEARCH_PATHS = "$(inherited) @executable_path/Frameworks @loader_path/Frameworks";
				PRODUCT_BUNDLE_IDENTIFIER = "com.code-brew.MapCoreDataUITests";
				PRODUCT_NAME = "$(TARGET_NAME)";
				SWIFT_VERSION = 3.0;
				TEST_TARGET_NAME = MapCoreData;
			};
			name = Release;
		};
/* End XCBuildConfiguration section */

/* Begin XCConfigurationList section */
		1DEEF3D41E51839C003713F2 /* Build configuration list for PBXProject "MapCoreData" */ = {
			isa = XCConfigurationList;
			buildConfigurations = (
				1DEEF4021E51839C003713F2 /* Debug */,
				1DEEF4031E51839C003713F2 /* Release */,
			);
			defaultConfigurationIsVisible = 0;
			defaultConfigurationName = Release;
		};
		1DEEF4041E51839C003713F2 /* Build configuration list for PBXNativeTarget "MapCoreData" */ = {
			isa = XCConfigurationList;
			buildConfigurations = (
				1DEEF4051E51839C003713F2 /* Debug */,
				1DEEF4061E51839C003713F2 /* Release */,
			);
			defaultConfigurationIsVisible = 0;
		};
		1DEEF4071E51839C003713F2 /* Build configuration list for PBXNativeTarget "MapCoreDataTests" */ = {
			isa = XCConfigurationList;
			buildConfigurations = (
				1DEEF4081E51839C003713F2 /* Debug */,
				1DEEF4091E51839C003713F2 /* Release */,
			);
			defaultConfigurationIsVisible = 0;
		};
		1DEEF40A1E51839C003713F2 /* Build configuration list for PBXNativeTarget "MapCoreDataUITests" */ = {
			isa = XCConfigurationList;
			buildConfigurations = (
				1DEEF40B1E51839C003713F2 /* Debug */,
				1DEEF40C1E51839C003713F2 /* Release */,
			);
			defaultConfigurationIsVisible = 0;
		};
/* End XCConfigurationList section */

/* Begin XCVersionGroup section */
		1DEEF3E31E51839C003713F2 /* MapCoreData.xcdatamodeld */ = {
			isa = XCVersionGroup;
			children = (
				1DEEF3E41E51839C003713F2 /* MapCoreData.xcdatamodel */,
			);
			currentVersion = 1DEEF3E41E51839C003713F2 /* MapCoreData.xcdatamodel */;
			path = MapCoreData.xcdatamodeld;
			sourceTree = "<group>";
			versionGroupType = wrapper.xcdatamodel;
		};
/* End XCVersionGroup section */
	};
	rootObject = 1DEEF3D11E51839C003713F2 /* Project object */;
}
